
Microsoft Visual Studio Solution File, Format Version 11.00
# Visual Studio 2010
Project("{FAE04EC0-301F-11D3-BF4B-00C04F79EFBC}") = "XLuaStudy", "Assembly-CSharp.csproj", "{06612DDF-E598-2FA4-94D3-69397A7F996C}"
EndProject
Project("{FAE04EC0-301F-11D3-BF4B-00C04F79EFBC}") = "XLuaStudy", "Assembly-CSharp-Editor.csproj", "{AF98F7DB-D22A-2D35-FD47-EF6A4FFEF759}"
EndProject
Global
	GlobalSection(SolutionConfigurationPlatforms) = preSolution
		Debug|Any CPU = Debug|Any CPU
		Release|Any CPU = Release|Any CPU
	EndGlobalSection
	GlobalSection(ProjectConfigurationPlatforms) = postSolution
		{06612DDF-E598-2FA4-94D3-69397A7F996C}.Debug|Any CPU.ActiveCfg = Debug|Any CPU
		{06612DDF-E598-2FA4-94D3-69397A7F996C}.Debug|Any CPU.Build.0 = Debug|Any CPU
		{06612DDF-E598-2FA4-94D3-69397A7F996C}.Release|Any CPU.ActiveCfg = Release|Any CPU
		{06612DDF-E598-2FA4-94D3-69397A7F996C}.Release|Any CPU.Build.0 = Release|Any CPU
		{AF98F7DB-D22A-2D35-FD47-EF6A4FFEF759}.Debug|Any CPU.ActiveCfg = Debug|Any CPU
		{AF98F7DB-D22A-2D35-FD47-EF6A4FFEF759}.Debug|Any CPU.Build.0 = Debug|Any CPU
		{AF98F7DB-D22A-2D35-FD47-EF6A4FFEF759}.Release|Any CPU.ActiveCfg = Release|Any CPU
		{AF98F7DB-D22A-2D35-FD47-EF6A4FFEF759}.Release|Any CPU.Build.0 = Release|Any CPU
	EndGlobalSection
	GlobalSection(SolutionProperties) = preSolution
		HideSolutionNode = FALSE
	EndGlobalSection
	GlobalSection(MonoDevelopProperties) = preSolution
		StartupItem = Assembly-CSharp.csproj
	EndGlobalSection
EndGlobal
